// !$*UTF8*$!
{
	archiveVersion = 1;
	classes = {
	};
	objectVersion = 50;
	objects = {

/* Begin PBXBuildFile section */
		1190787C272D3EF7000AA7F2 /* AppDelegate.swift in Sources */ = {isa = PBXBuildFile; fileRef = 1190787B272D3EF7000AA7F2 /* AppDelegate.swift */; };
		1190787E272D3EF7000AA7F2 /* SceneDelegate.swift in Sources */ = {isa = PBXBuildFile; fileRef = 1190787D272D3EF7000AA7F2 /* SceneDelegate.swift */; };
		11907880272D3EF7000AA7F2 /* ViewController.swift in Sources */ = {isa = PBXBuildFile; fileRef = 1190787F272D3EF7000AA7F2 /* ViewController.swift */; };
		11907883272D3EF7000AA7F2 /* Main.storyboard in Resources */ = {isa = PBXBuildFile; fileRef = 11907881272D3EF7000AA7F2 /* Main.storyboard */; };
		11907885272D3EF8000AA7F2 /* Assets.xcassets in Resources */ = {isa = PBXBuildFile; fileRef = 11907884272D3EF8000AA7F2 /* Assets.xcassets */; };
		11907888272D3EF8000AA7F2 /* LaunchScreen.storyboard in Resources */ = {isa = PBXBuildFile; fileRef = 11907886272D3EF8000AA7F2 /* LaunchScreen.storyboard */; };
		11907892272D3F3D000AA7F2 /* ScrollAnimationLabel.swift in Sources */ = {isa = PBXBuildFile; fileRef = 11907891272D3F3D000AA7F2 /* ScrollAnimationLabel.swift */; };
/* End PBXBuildFile section */

/* Begin PBXFileReference section */
		11907878272D3EF7000AA7F2 /* ScrollAnimationLabel.app */ = {isa = PBXFileReference; explicitFileType = wrapper.application; includeInIndex = 0; path = ScrollAnimationLabel.app; sourceTree = BUILT_PRODUCTS_DIR; };
		1190787B272D3EF7000AA7F2 /* AppDelegate.swift */ = {isa = PBXFileReference; lastKnownFileType = sourcecode.swift; path = AppDelegate.swift; sourceTree = "<group>"; };
		1190787D272D3EF7000AA7F2 /* SceneDelegate.swift */ = {isa = PBXFileReference; lastKnownFileType = sourcecode.swift; path = SceneDelegate.swift; sourceTree = "<group>"; };
		1190787F272D3EF7000AA7F2 /* ViewController.swift */ = {isa = PBXFileReference; lastKnownFileType = sourcecode.swift; path = ViewController.swift; sourceTree = "<group>"; };
		11907882272D3EF7000AA7F2 /* Base */ = {isa = PBXFileReference; lastKnownFileType = file.storyboard; name = Base; path = Base.lproj/Main.storyboard; sourceTree = "<group>"; };
		11907884272D3EF8000AA7F2 /* Assets.xcassets */ = {isa = PBXFileReference; lastKnownFileType = folder.assetcatalog; path = Assets.xcassets; sourceTree = "<group>"; };
		11907887272D3EF8000AA7F2 /* Base */ = {isa = PBXFileReference; lastKnownFileType = file.storyboard; name = Base; path = Base.lproj/LaunchScreen.storyboard; sourceTree = "<group>"; };
		11907889272D3EF8000AA7F2 /* Info.plist */ = {isa = PBXFileReference; lastKnownFileType = text.plist.xml; path = Info.plist; sourceTree = "<group>"; };
		11907891272D3F3D000AA7F2 /* ScrollAnimationLabel.swift */ = {isa = PBXFileReference; lastKnownFileType = sourcecode.swift; path = ScrollAnimationLabel.swift; sourceTree = "<group>"; };
/* End PBXFileReference section */

/* Begin PBXFrameworksBuildPhase section */
		11907875272D3EF7000AA7F2 /* Frameworks */ = {
			isa = PBXFrameworksBuildPhase;
			buildActionMask = 2147483647;
			files = (
			);
			runOnlyForDeploymentPostprocessing = 0;
		};
/* End PBXFrameworksBuildPhase section */

/* Begin PBXGroup section */
		1190786F272D3EF7000AA7F2 = {
			isa = PBXGroup;
			children = (
				1190787A272D3EF7000AA7F2 /* ScrollAnimationLabel */,
				11907879272D3EF7000AA7F2 /* Products */,
			);
			sourceTree = "<group>";
		};
		11907879272D3EF7000AA7F2 /* Products */ = {
			isa = PBXGroup;
			children = (
				11907878272D3EF7000AA7F2 /* ScrollAnimationLabel.app */,
			);
			name = Products;
			sourceTree = "<group>";
		};
		1190787A272D3EF7000AA7F2 /* ScrollAnimationLabel */ = {
			isa = PBXGroup;
			children = (
				11907890272D3F1E000AA7F2 /* Helper */,
				1190787B272D3EF7000AA7F2 /* AppDelegate.swift */,
				1190787D272D3EF7000AA7F2 /* SceneDelegate.swift */,
				1190787F272D3EF7000AA7F2 /* ViewController.swift */,
				11907881272D3EF7000AA7F2 /* Main.storyboard */,
				11907884272D3EF8000AA7F2 /* Assets.xcassets */,
				11907886272D3EF8000AA7F2 /* LaunchScreen.storyboard */,
				11907889272D3EF8000AA7F2 /* Info.plist */,
			);
			path = ScrollAnimationLabel;
			sourceTree = "<group>";
		};
		11907890272D3F1E000AA7F2 /* Helper */ = {
			isa = PBXGroup;
			children = (
				11907891272D3F3D000AA7F2 /* ScrollAnimationLabel.swift */,
			);
			path = Helper;
			sourceTree = "<group>";
		};
/* End PBXGroup section */

/* Begin PBXNativeTarget section */
		11907877272D3EF7000AA7F2 /* ScrollAnimationLabel */ = {
			isa = PBXNativeTarget;
			buildConfigurationList = 1190788C272D3EF8000AA7F2 /* Build configuration list for PBXNativeTarget "ScrollAnimationLabel" */;
			buildPhases = (
				11907874272D3EF7000AA7F2 /* Sources */,
				11907875272D3EF7000AA7F2 /* Frameworks */,
				11907876272D3EF7000AA7F2 /* Resources */,
			);
			buildRules = (
			);
			dependencies = (
			);
			name = ScrollAnimationLabel;
			productName = ScrollAnimationLabel;
			productReference = 11907878272D3EF7000AA7F2 /* ScrollAnimationLabel.app */;
			productType = "com.apple.product-type.application";
		};
/* End PBXNativeTarget section */

/* Begin PBXProject section */
		11907870272D3EF7000AA7F2 /* Project object */ = {
			isa = PBXProject;
			attributes = {
				LastSwiftUpdateCheck = 1230;
				LastUpgradeCheck = 1230;
				TargetAttributes = {
					11907877272D3EF7000AA7F2 = {
						CreatedOnToolsVersion = 12.3;
					};
				};
			};
			buildConfigurationList = 11907873272D3EF7000AA7F2 /* Build configuration list for PBXProject "ScrollAnimationLabel" */;
			compatibilityVersion = "Xcode 9.3";
			developmentRegion = en;
			hasScannedForEncodings = 0;
			knownRegions = (
				en,
				Base,
			);
			mainGroup = 1190786F272D3EF7000AA7F2;
			productRefGroup = 11907879272D3EF7000AA7F2 /* Products */;
			projectDirPath = "";
			projectRoot = "";
			targets = (
				11907877272D3EF7000AA7F2 /* ScrollAnimationLabel */,
			);
		};
/* End PBXProject section */

/* Begin PBXResourcesBuildPhase section */
		11907876272D3EF7000AA7F2 /* Resources */ = {
			isa = PBXResourcesBuildPhase;
			buildActionMask = 2147483647;
			files = (
				11907888272D3EF8000AA7F2 /* LaunchScreen.storyboard in Resources */,
				11907885272D3EF8000AA7F2 /* Assets.xcassets in Resources */,
				11907883272D3EF7000AA7F2 /* Main.storyboard in Resources */,
			);
			runOnlyForDeploymentPostprocessing = 0;
		};
/* End PBXResourcesBuildPhase section */

/* Begin PBXSourcesBuildPhase section */
		11907874272D3EF7000AA7F2 /* Sources */ = {
			isa = PBXSourcesBuildPhase;
			buildActionMask = 2147483647;
			files = (
				11907892272D3F3D000AA7F2 /* ScrollAnimationLabel.swift in Sources */,
				11907880272D3EF7000AA7F2 /* ViewController.swift in Sources */,
				1190787C272D3EF7000AA7F2 /* AppDelegate.swift in Sources */,
				1190787E272D3EF7000AA7F2 /* SceneDelegate.swift in Sources */,
			);
			runOnlyForDeploymentPostprocessing = 0;
		};
/* End PBXSourcesBuildPhase section */

/* Begin PBXVariantGroup section */
		11907881272D3EF7000AA7F2 /* Main.storyboard */ = {
			isa = PBXVariantGroup;
			children = (
				11907882272D3EF7000AA7F2 /* Base */,
			);
			name = Main.storyboard;
			sourceTree = "<group>";
		};
		11907886272D3EF8000AA7F2 /* LaunchScreen.storyboard */ = {
			isa = PBXVariantGroup;
			children = (
				11907887272D3EF8000AA7F2 /* Base */,
			);
			name = LaunchScreen.storyboard;
			sourceTree = "<group>";
		};
/* End PBXVariantGroup section */

/* Begin XCBuildConfiguration section */
		1190788A272D3EF8000AA7F2 /* Debug */ = {
			isa = XCBuildConfiguration;
			buildSettings = {
				ALWAYS_SEARCH_USER_PATHS = NO;
				CLANG_ANALYZER_NONNULL = YES;
				CLANG_ANALYZER_NUMBER_OBJECT_CONVERSION = YES_AGGRESSIVE;
				CLANG_CXX_LANGUAGE_STANDARD = "gnu++14";
				CLANG_CXX_LIBRARY = "libc++";
				CLANG_ENABLE_MODULES = YES;
				CLANG_ENABLE_OBJC_ARC = YES;
				CLANG_ENABLE_OBJC_WEAK = YES;
				CLANG_WARN_BLOCK_CAPTURE_AUTORELEASING = YES;
				CLANG_WARN_BOOL_CONVERSION = YES;
				CLANG_WARN_COMMA = YES;
				CLANG_WARN_CONSTANT_CONVERSION = YES;
				CLANG_WARN_DEPRECATED_OBJC_IMPLEMENTATIONS = YES;
				CLANG_WARN_DIRECT_OBJC_ISA_USAGE = YES_ERROR;
				CLANG_WARN_DOCUMENTATION_COMMENTS = YES;
				CLANG_WARN_EMPTY_BODY = YES;
				CLANG_WARN_ENUM_CONVERSION = YES;
				CLANG_WARN_INFINITE_RECURSION = YES;
				CLANG_WARN_INT_CONVERSION = YES;
				CLANG_WARN_NON_LITERAL_NULL_CONVERSION = YES;
				CLANG_WARN_OBJC_IMPLICIT_RETAIN_SELF = YES;
				CLANG_WARN_OBJC_LITERAL_CONVERSION = YES;
				CLANG_WARN_OBJC_ROOT_CLASS = YES_ERROR;
				CLANG_WARN_QUOTED_INCLUDE_IN_FRAMEWORK_HEADER = YES;
				CLANG_WARN_RANGE_LOOP_ANALYSIS = YES;
				CLANG_WARN_STRICT_PROTOTYPES = YES;
				CLANG_WARN_SUSPICIOUS_MOVE = YES;
				CLANG_WARN_UNGUARDED_AVAILABILITY = YES_AGGRESSIVE;
				CLANG_WARN_UNREACHABLE_CODE = YES;
				CLANG_WARN__DUPLICATE_METHOD_MATCH = YES;
				COPY_PHASE_STRIP = NO;
				DEBUG_INFORMATION_FORMAT = dwarf;
				ENABLE_STRICT_OBJC_MSGSEND = YES;
				ENABLE_TESTABILITY = YES;
				GCC_C_LANGUAGE_STANDARD = gnu11;
				GCC_DYNAMIC_NO_PIC = NO;
				GCC_NO_COMMON_BLOCKS = YES;
				GCC_OPTIMIZATION_LEVEL = 0;
				GCC_PREPROCESSOR_DEFINITIONS = (
					"DEBUG=1",
					"$(inherited)",
				);
				GCC_WARN_64_TO_32_BIT_CONVERSION = YES;
				GCC_WARN_ABOUT_RETURN_TYPE = YES_ERROR;
				GCC_WARN_UNDECLARED_SELECTOR = YES;
				GCC_WARN_UNINITIALIZED_AUTOS = YES_AGGRESSIVE;
				GCC_WARN_UNUSED_FUNCTION = YES;
				GCC_WARN_UNUSED_VARIABLE = YES;
				IPHONEOS_DEPLOYMENT_TARGET = 14.3;
				MTL_ENABLE_DEBUG_INFO = INCLUDE_SOURCE;
				MTL_FAST_MATH = YES;
				ONLY_ACTIVE_ARCH = YES;
				SDKROOT = iphoneos;
				SWIFT_ACTIVE_COMPILATION_CONDITIONS = DEBUG;
				SWIFT_OPTIMIZATION_LEVEL = "-Onone";
			};
			name = Debug;
		};
		1190788B272D3EF8000AA7F2 /* Release */ = {
			isa = XCBuildConfiguration;
			buildSettings = {
				ALWAYS_SEARCH_USER_PATHS = NO;
				CLANG_ANALYZER_NONNULL = YES;
				CLANG_ANALYZER_NUMBER_OBJECT_CONVERSION = YES_AGGRESSIVE;
				CLANG_CXX_LANGUAGE_STANDARD = "gnu++14";
				CLANG_CXX_LIBRARY = "libc++";
				CLANG_ENABLE_MODULES = YES;
				CLANG_ENABLE_OBJC_ARC = YES;
				CLANG_ENABLE_OBJC_WEAK = YES;
				CLANG_WARN_BLOCK_CAPTURE_AUTORELEASING = YES;
				CLANG_WARN_BOOL_CONVERSION = YES;
				CLANG_WARN_COMMA = YES;
				CLANG_WARN_CONSTANT_CONVERSION = YES;
				CLANG_WARN_DEPRECATED_OBJC_IMPLEMENTATIONS = YES;
				CLANG_WARN_DIRECT_OBJC_ISA_USAGE = YES_ERROR;
				CLANG_WARN_DOCUMENTATION_COMMENTS = YES;
				CLANG_WARN_EMPTY_BODY = YES;
				CLANG_WARN_ENUM_CONVERSION = YES;
				CLANG_WARN_INFINITE_RECURSION = YES;
				CLANG_WARN_INT_CONVERSION = YES;
				CLANG_WARN_NON_LITERAL_NULL_CONVERSION = YES;
				CLANG_WARN_OBJC_IMPLICIT_RETAIN_SELF = YES;
				CLANG_WARN_OBJC_LITERAL_CONVERSION = YES;
				CLANG_WARN_OBJC_ROOT_CLASS = YES_ERROR;
				CLANG_WARN_QUOTED_INCLUDE_IN_FRAMEWORK_HEADER = YES;
				CLANG_WARN_RANGE_LOOP_ANALYSIS = YES;
				CLANG_WARN_STRICT_PROTOTYPES = YES;
				CLANG_WARN_SUSPICIOUS_MOVE = YES;
				CLANG_WARN_UNGUARDED_AVAILABILITY = YES_AGGRESSIVE;
				CLANG_WARN_UNREACHABLE_CODE = YES;
				CLANG_WARN__DUPLICATE_METHOD_MATCH = YES;
				COPY_PHASE_STRIP = NO;
				DEBUG_INFORMATION_FORMAT = "dwarf-with-dsym";
				ENABLE_NS_ASSERTIONS = NO;
				ENABLE_STRICT_OBJC_MSGSEND = YES;
				GCC_C_LANGUAGE_STANDARD = gnu11;
				GCC_NO_COMMON_BLOCKS = YES;
				GCC_WARN_64_TO_32_BIT_CONVERSION = YES;
				GCC_WARN_ABOUT_RETURN_TYPE = YES_ERROR;
				GCC_WARN_UNDECLARED_SELECTOR = YES;
				GCC_WARN_UNINITIALIZED_AUTOS = YES_AGGRESSIVE;
				GCC_WARN_UNUSED_FUNCTION = YES;
				GCC_WARN_UNUSED_VARIABLE = YES;
				IPHONEOS_DEPLOYMENT_TARGET = 14.3;
				MTL_ENABLE_DEBUG_INFO = NO;
				MTL_FAST_MATH = YES;
				SDKROOT = iphoneos;
				SWIFT_COMPILATION_MODE = wholemodule;
				SWIFT_OPTIMIZATION_LEVEL = "-O";
				VALIDATE_PRODUCT = YES;
			};
			name = Release;
		};
		1190788D272D3EF8000AA7F2 /* Debug */ = {
			isa = XCBuildConfiguration;
			buildSettings = {
				ASSETCATALOG_COMPILER_APPICON_NAME = AppIcon;
				ASSETCATALOG_COMPILER_GLOBAL_ACCENT_COLOR_NAME = AccentColor;
				CODE_SIGN_STYLE = Automatic;
				INFOPLIST_FILE = ScrollAnimationLabel/Info.plist;
				LD_RUNPATH_SEARCH_PATHS = (
					"$(inherited)",
					"@executable_path/Frameworks",
				);
				PRODUCT_BUNDLE_IDENTIFIER = com.dev.ScrollAnimationLabel;
				PRODUCT_NAME = "$(TARGET_NAME)";
				SWIFT_VERSION = 5.0;
				TARGETED_DEVICE_FAMILY = "1,2";
			};
			name = Debug;
		};
		1190788E272D3EF8000AA7F2 /* Release */ = {
			isa = XCBuildConfiguration;
			buildSettings = {
				ASSETCATALOG_COMPILER_APPICON_NAME = AppIcon;
				ASSETCATALOG_COMPILER_GLOBAL_ACCENT_COLOR_NAME = AccentColor;
				CODE_SIGN_STYLE = Automatic;
				INFOPLIST_FILE = ScrollAnimationLabel/Info.plist;
				LD_RUNPATH_SEARCH_PATHS = (
					"$(inherited)",
					"@executable_path/Frameworks",
				);
				PRODUCT_BUNDLE_IDENTIFIER = com.dev.ScrollAnimationLabel;
				PRODUCT_NAME = "$(TARGET_NAME)";
				SWIFT_VERSION = 5.0;
				TARGETED_DEVICE_FAMILY = "1,2";
			};
			name = Release;
		};
/* End XCBuildConfiguration section */

/* Begin XCConfigurationList section */
		11907873272D3EF7000AA7F2 /* Build configuration list for PBXProject "ScrollAnimationLabel" */ = {
			isa = XCConfigurationList;
			buildConfigurations = (
				1190788A272D3EF8000AA7F2 /* Debug */,
				1190788B272D3EF8000AA7F2 /* Release */,
			);
			defaultConfigurationIsVisible = 0;
			defaultConfigurationName = Release;
		};
		1190788C272D3EF8000AA7F2 /* Build configuration list for PBXNativeTarget "ScrollAnimationLabel" */ = {
			isa = XCConfigurationList;
			buildConfigurations = (
				1190788D272D3EF8000AA7F2 /* Debug */,
				1190788E272D3EF8000AA7F2 /* Release */,
			);
			defaultConfigurationIsVisible = 0;
			defaultConfigurationName = Release;
		};
/* End XCConfigurationList section */
	};
	rootObject = 11907870272D3EF7000AA7F2 /* Project object */;
}
